
Microsoft Visual Studio Solution File, Format Version 12.00
# Visual Studio 14
VisualStudioVersion = 14.0.24720.0
MinimumVisualStudioVersion = 10.0.40219.1
Project("{FAE04EC0-301F-11D3-BF4B-00C04F79EFBC}") = "TomaDePedido", "TomaDePedido\TomaDePedido.csproj", "{E6F0A779-3D18-4EE2-8F4F-42A6FA2C9D70}"
EndProject
Project("{FAE04EC0-301F-11D3-BF4B-00C04F79EFBC}") = "Test", "Test\Test.csproj", "{F4ACB8BE-3E93-457A-86B6-4F605DF846B1}"
EndProject
Global
	GlobalSection(SolutionConfigurationPlatforms) = preSolution
		Debug|Any CPU = Debug|Any CPU
		Release|Any CPU = Release|Any CPU
	EndGlobalSection
	GlobalSection(ProjectConfigurationPlatforms) = postSolution
		{E6F0A779-3D18-4EE2-8F4F-42A6FA2C9D70}.Debug|Any CPU.ActiveCfg = Debug|Any CPU
		{E6F0A779-3D18-4EE2-8F4F-42A6FA2C9D70}.Debug|Any CPU.Build.0 = Debug|Any CPU
		{E6F0A779-3D18-4EE2-8F4F-42A6FA2C9D70}.Release|Any CPU.ActiveCfg = Release|Any CPU
		{E6F0A779-3D18-4EE2-8F4F-42A6FA2C9D70}.Release|Any CPU.Build.0 = Release|Any CPU
		{F4ACB8BE-3E93-457A-86B6-4F605DF846B1}.Debug|Any CPU.ActiveCfg = Debug|Any CPU
		{F4ACB8BE-3E93-457A-86B6-4F605DF846B1}.Debug|Any CPU.Build.0 = Debug|Any CPU
		{F4ACB8BE-3E93-457A-86B6-4F605DF846B1}.Release|Any CPU.ActiveCfg = Release|Any CPU
		{F4ACB8BE-3E93-457A-86B6-4F605DF846B1}.Release|Any CPU.Build.0 = Release|Any CPU
	EndGlobalSection
	GlobalSection(SolutionProperties) = preSolution
		HideSolutionNode = FALSE
	EndGlobalSection
EndGlobal
